{
  "version": 4,
  "terraform_version": "1.4.5",
  "serial": 6,
  "lineage": "1032bec3-dc51-ccbd-27fe-aa8a00af9606",
  "outputs": {},
  "resources": [
    {
      "mode": "data",
      "type": "azurerm_key_vault",
      "name": "ws",
      "provider": "provider[\"registry.terraform.io/hashicorp/azurerm\"]",
      "instances": [
        {
          "schema_version": 0,
          "attributes": {
            "access_policy": [
              {
                "application_id": "",
                "certificate_permissions": [],
                "key_permissions": [],
                "object_id": "13df0880-3fee-47c1-893d-f89639296dc4",
                "secret_permissions": [
                  "Get",
                  "List",
                  "Set",
                  "Delete",
                  "Purge",
                  "Recover"
                ],
                "storage_permissions": [],
                "tenant_id": "8ceee26d-f3f2-42a5-8491-a4a7f2fe01f2"
              }
            ],
            "enable_rbac_authorization": false,
            "enabled_for_deployment": false,
            "enabled_for_disk_encryption": false,
            "enabled_for_template_deployment": false,
            "id": "/subscriptions/d78dbd33-fcc4-434e-a881-2b6f328241d3/resourceGroups/rg-awtre-ws-324c/providers/Microsoft.KeyVault/vaults/kv-awtre-ws-324c",
            "location": "canadacentral",
            "name": "kv-awtre-ws-324c",
            "network_acls": [
              {
                "bypass": "AzureServices",
                "default_action": "Deny",
                "ip_rules": [],
                "virtual_network_subnet_ids": []
              }
            ],
            "public_network_access_enabled": true,
            "purge_protection_enabled": true,
            "resource_group_name": "rg-awtre-ws-324c",
            "sku_name": "standard",
            "tags": {
              "tre_id": "awtre",
              "tre_workspace_id": "7b19ec56-b928-4a28-bcf3-ee5a7249324c"
            },
            "tenant_id": "8ceee26d-f3f2-42a5-8491-a4a7f2fe01f2",
            "timeouts": null,
            "vault_uri": "https://kv-awtre-ws-324c.vault.azure.net/"
          },
          "sensitive_attributes": []
        }
      ]
    },
    {
      "mode": "data",
      "type": "azurerm_resource_group",
      "name": "ws",
      "provider": "provider[\"registry.terraform.io/hashicorp/azurerm\"]",
      "instances": [
        {
          "schema_version": 0,
          "attributes": {
            "id": "/subscriptions/d78dbd33-fcc4-434e-a881-2b6f328241d3/resourceGroups/rg-awtre-ws-324c",
            "location": "canadacentral",
            "managed_by": "",
            "name": "rg-awtre-ws-324c",
            "tags": {
              "project": "Azure Trusted Research Environment",
              "source": "https://github.com/microsoft/AzureTRE/",
              "tre_id": "awtre",
              "tre_workspace_id": "7b19ec56-b928-4a28-bcf3-ee5a7249324c"
            },
            "timeouts": null
          },
          "sensitive_attributes": []
        }
      ]
    },
    {
      "mode": "data",
      "type": "azurerm_subnet",
      "name": "services",
      "provider": "provider[\"registry.terraform.io/hashicorp/azurerm\"]",
      "instances": [
        {
          "schema_version": 0,
          "attributes": {
            "address_prefix": "10.1.5.0/25",
            "address_prefixes": [
              "10.1.5.0/25"
            ],
            "enforce_private_link_endpoint_network_policies": true,
            "enforce_private_link_service_network_policies": false,
            "id": "/subscriptions/d78dbd33-fcc4-434e-a881-2b6f328241d3/resourceGroups/rg-awtre-ws-324c/providers/Microsoft.Network/virtualNetworks/vnet-awtre-ws-324c/subnets/ServicesSubnet",
            "name": "ServicesSubnet",
            "network_security_group_id": "/subscriptions/d78dbd33-fcc4-434e-a881-2b6f328241d3/resourceGroups/rg-awtre-ws-324c/providers/Microsoft.Network/networkSecurityGroups/nsg-ws",
            "private_endpoint_network_policies_enabled": false,
            "private_link_service_network_policies_enabled": true,
            "resource_group_name": "rg-awtre-ws-324c",
            "route_table_id": "/subscriptions/d78dbd33-fcc4-434e-a881-2b6f328241d3/resourceGroups/rg-awtre/providers/Microsoft.Network/routeTables/rt-awtre",
            "service_endpoints": [],
            "timeouts": null,
            "virtual_network_name": "vnet-awtre-ws-324c"
          },
          "sensitive_attributes": []
        }
      ]
    },
    {
      "mode": "data",
      "type": "azurerm_virtual_network",
      "name": "ws",
      "provider": "provider[\"registry.terraform.io/hashicorp/azurerm\"]",
      "instances": [
        {
          "schema_version": 0,
          "attributes": {
            "address_space": [
              "10.1.5.0/24"
            ],
            "dns_servers": [],
            "guid": "eb4aafa0-09ae-49fc-a1b1-1fbb0de2275d",
            "id": "/subscriptions/d78dbd33-fcc4-434e-a881-2b6f328241d3/resourceGroups/rg-awtre-ws-324c/providers/Microsoft.Network/virtualNetworks/vnet-awtre-ws-324c",
            "location": "canadacentral",
            "name": "vnet-awtre-ws-324c",
            "resource_group_name": "rg-awtre-ws-324c",
            "subnets": [
              "WebAppsSubnet",
              "ServicesSubnet"
            ],
            "tags": {
              "tre_id": "awtre",
              "tre_workspace_id": "7b19ec56-b928-4a28-bcf3-ee5a7249324c"
            },
            "timeouts": null,
            "vnet_peerings": {
              "ws-core-peer-awtre-ws-324c": "/subscriptions/d78dbd33-fcc4-434e-a881-2b6f328241d3/resourceGroups/rg-awtre/providers/Microsoft.Network/virtualNetworks/vnet-awtre"
            },
            "vnet_peerings_addresses": [
              "10.1.0.0/22"
            ]
          },
          "sensitive_attributes": []
        }
      ]
    },
    {
      "mode": "managed",
      "type": "azurerm_virtual_desktop_application_group",
      "name": "avd_application_group",
      "provider": "provider[\"registry.terraform.io/hashicorp/azurerm\"]",
      "instances": [
        {
          "schema_version": 1,
          "attributes": {
            "default_desktop_display_name": "",
            "description": "This is an AVD Application Group!",
            "friendly_name": "AVD Application Group",
            "host_pool_id": "/subscriptions/d78dbd33-fcc4-434e-a881-2b6f328241d3/resourceGroups/rg-awtre-ws-324c/providers/Microsoft.DesktopVirtualization/hostPools/vdpool-324csvc324c",
            "id": "/subscriptions/d78dbd33-fcc4-434e-a881-2b6f328241d3/resourceGroups/rg-awtre-ws-324c/providers/Microsoft.DesktopVirtualization/applicationGroups/vdag-324csvc324c",
            "location": "canadacentral",
            "name": "vdag-324csvc324c",
            "resource_group_name": "rg-awtre-ws-324c",
            "tags": {
              "tre_id": "awtre",
              "tre_workspace_id": "324c",
              "tre_workspace_service_id": "7b19ec56-b928-4a28-bcf3-ee5a7249324c"
            },
            "timeouts": null,
            "type": "Desktop"
          },
          "sensitive_attributes": [],
          "private": "eyJlMmJmYjczMC1lY2FhLTExZTYtOGY4OC0zNDM2M2JjN2M0YzAiOnsiY3JlYXRlIjozNjAwMDAwMDAwMDAwLCJkZWxldGUiOjM2MDAwMDAwMDAwMDAsInJlYWQiOjMwMDAwMDAwMDAwMCwidXBkYXRlIjozNjAwMDAwMDAwMDAwfSwic2NoZW1hX3ZlcnNpb24iOiIxIn0=",
          "dependencies": [
            "azurerm_virtual_desktop_host_pool.avd_hostpool",
            "data.azurerm_resource_group.ws"
          ]
        }
      ]
    },
    {
      "mode": "managed",
      "type": "azurerm_virtual_desktop_host_pool",
      "name": "avd_hostpool",
      "provider": "provider[\"registry.terraform.io/hashicorp/azurerm\"]",
      "instances": [
        {
          "schema_version": 1,
          "attributes": {
            "custom_rdp_properties": "audiocapturemode:i:1;audiomode:i:0;enablerdsaadauth:i:1;targetisaadjoined:i:1;",
            "description": "This is an AVD Hostpool!",
            "friendly_name": "AVD Workspace",
            "id": "/subscriptions/d78dbd33-fcc4-434e-a881-2b6f328241d3/resourceGroups/rg-awtre-ws-324c/providers/Microsoft.DesktopVirtualization/hostPools/vdpool-324csvc324c",
            "load_balancer_type": "DepthFirst",
            "location": "canadacentral",
            "maximum_sessions_allowed": 16,
            "name": "vdpool-324csvc324c",
            "personal_desktop_assignment_type": "",
            "preferred_app_group_type": "Desktop",
            "resource_group_name": "rg-awtre-ws-324c",
            "scheduled_agent_updates": [],
            "start_vm_on_connect": false,
            "tags": {
              "tre_id": "awtre",
              "tre_workspace_id": "324c",
              "tre_workspace_service_id": "7b19ec56-b928-4a28-bcf3-ee5a7249324c"
            },
            "timeouts": null,
            "type": "Pooled",
            "validate_environment": false
          },
          "sensitive_attributes": [],
          "private": "eyJlMmJmYjczMC1lY2FhLTExZTYtOGY4OC0zNDM2M2JjN2M0YzAiOnsiY3JlYXRlIjozNjAwMDAwMDAwMDAwLCJkZWxldGUiOjM2MDAwMDAwMDAwMDAsInJlYWQiOjMwMDAwMDAwMDAwMCwidXBkYXRlIjozNjAwMDAwMDAwMDAwfSwic2NoZW1hX3ZlcnNpb24iOiIxIn0=",
          "dependencies": [
            "data.azurerm_resource_group.ws"
          ]
        }
      ]
    },
    {
      "mode": "managed",
      "type": "azurerm_virtual_desktop_workspace",
      "name": "avd_workspace",
      "provider": "provider[\"registry.terraform.io/hashicorp/azurerm\"]",
      "instances": [
        {
          "schema_version": 1,
          "attributes": {
            "description": "This is an AVD Workspace!",
            "friendly_name": "AVD Workspace",
            "id": "/subscriptions/d78dbd33-fcc4-434e-a881-2b6f328241d3/resourceGroups/rg-awtre-ws-324c/providers/Microsoft.DesktopVirtualization/workspaces/vdws-324csvc324c",
            "location": "canadacentral",
            "name": "vdws-324csvc324c",
            "public_network_access_enabled": true,
            "resource_group_name": "rg-awtre-ws-324c",
            "tags": {
              "tre_id": "awtre",
              "tre_workspace_id": "324c",
              "tre_workspace_service_id": "7b19ec56-b928-4a28-bcf3-ee5a7249324c"
            },
            "timeouts": null
          },
          "sensitive_attributes": [],
          "private": "eyJlMmJmYjczMC1lY2FhLTExZTYtOGY4OC0zNDM2M2JjN2M0YzAiOnsiY3JlYXRlIjozNjAwMDAwMDAwMDAwLCJkZWxldGUiOjM2MDAwMDAwMDAwMDAsInJlYWQiOjMwMDAwMDAwMDAwMCwidXBkYXRlIjozNjAwMDAwMDAwMDAwfSwic2NoZW1hX3ZlcnNpb24iOiIxIn0=",
          "dependencies": [
            "data.azurerm_resource_group.ws"
          ]
        }
      ]
    },
    {
      "mode": "managed",
      "type": "azurerm_virtual_desktop_workspace_application_group_association",
      "name": "avd_application_group_association",
      "provider": "provider[\"registry.terraform.io/hashicorp/azurerm\"]",
      "instances": [
        {
          "schema_version": 1,
          "attributes": {
            "application_group_id": "/subscriptions/d78dbd33-fcc4-434e-a881-2b6f328241d3/resourceGroups/rg-awtre-ws-324c/providers/Microsoft.DesktopVirtualization/applicationGroups/vdag-324csvc324c",
            "id": "/subscriptions/d78dbd33-fcc4-434e-a881-2b6f328241d3/resourceGroups/rg-awtre-ws-324c/providers/Microsoft.DesktopVirtualization/workspaces/vdws-324csvc324c|/subscriptions/d78dbd33-fcc4-434e-a881-2b6f328241d3/resourceGroups/rg-awtre-ws-324c/providers/Microsoft.DesktopVirtualization/applicationGroups/vdag-324csvc324c",
            "timeouts": null,
            "workspace_id": "/subscriptions/d78dbd33-fcc4-434e-a881-2b6f328241d3/resourceGroups/rg-awtre-ws-324c/providers/Microsoft.DesktopVirtualization/workspaces/vdws-324csvc324c"
          },
          "sensitive_attributes": [],
          "private": "eyJlMmJmYjczMC1lY2FhLTExZTYtOGY4OC0zNDM2M2JjN2M0YzAiOnsiY3JlYXRlIjozNjAwMDAwMDAwMDAwLCJkZWxldGUiOjM2MDAwMDAwMDAwMDAsInJlYWQiOjMwMDAwMDAwMDAwMH0sInNjaGVtYV92ZXJzaW9uIjoiMSJ9",
          "dependencies": [
            "azurerm_virtual_desktop_application_group.avd_application_group",
            "azurerm_virtual_desktop_host_pool.avd_hostpool",
            "azurerm_virtual_desktop_workspace.avd_workspace",
            "data.azurerm_resource_group.ws"
          ]
        }
      ]
    }
  ],
  "check_results": null
}
